
Microsoft Visual Studio Solution File, Format Version 12.00
# Visual Studio Version 17
VisualStudioVersion = 17.4.33110.190
MinimumVisualStudioVersion = 10.0.40219.1
Project("{FAE04EC0-301F-11D3-BF4B-00C04F79EFBC}") = "Motostore", "Motostore.csproj", "{C3EF29D4-91D5-4655-848D-53A73AB2BFEE}"
EndProject
Global
	GlobalSection(SolutionConfigurationPlatforms) = preSolution
		Debug|Any CPU = Debug|Any CPU
		Release|Any CPU = Release|Any CPU
	EndGlobalSection
	GlobalSection(ProjectConfigurationPlatforms) = postSolution
		{C3EF29D4-91D5-4655-848D-53A73AB2BFEE}.Debug|Any CPU.ActiveCfg = Debug|Any CPU
		{C3EF29D4-91D5-4655-848D-53A73AB2BFEE}.Debug|Any CPU.Build.0 = Debug|Any CPU
		{C3EF29D4-91D5-4655-848D-53A73AB2BFEE}.Release|Any CPU.ActiveCfg = Release|Any CPU
		{C3EF29D4-91D5-4655-848D-53A73AB2BFEE}.Release|Any CPU.Build.0 = Release|Any CPU
	EndGlobalSection
	GlobalSection(SolutionProperties) = preSolution
		HideSolutionNode = FALSE
	EndGlobalSection
	GlobalSection(ExtensibilityGlobals) = postSolution
		SolutionGuid = {94A103CA-587F-4293-9DED-27BDF13AF316}
	EndGlobalSection
EndGlobal
